
Microsoft Visual Studio Solution File, Format Version 12.00
# Visual Studio Version 17
VisualStudioVersion = 17.7.34018.315
MinimumVisualStudioVersion = 10.0.40219.1
Project("{9A19103F-16F7-4668-BE54-9A1E7A4F7556}") = "AlgoTrening", "ConsoleApp1\AlgoTrening.csproj", "{15957C34-E2FA-40B2-AD5C-F318E934AD77}"
EndProject
Project("{FAE04EC0-301F-11D3-BF4B-00C04F79EFBC}") = "JenkinsTest", "JenkinsTest\JenkinsTest.csproj", "{FC813B27-3D3D-45BF-9216-B491212D2BED}"
EndProject
Global
	GlobalSection(SolutionConfigurationPlatforms) = preSolution
		Debug|Any CPU = Debug|Any CPU
		Release|Any CPU = Release|Any CPU
	EndGlobalSection
	GlobalSection(ProjectConfigurationPlatforms) = postSolution
		{15957C34-E2FA-40B2-AD5C-F318E934AD77}.Debug|Any CPU.ActiveCfg = Debug|Any CPU
		{15957C34-E2FA-40B2-AD5C-F318E934AD77}.Debug|Any CPU.Build.0 = Debug|Any CPU
		{15957C34-E2FA-40B2-AD5C-F318E934AD77}.Release|Any CPU.ActiveCfg = Release|Any CPU
		{15957C34-E2FA-40B2-AD5C-F318E934AD77}.Release|Any CPU.Build.0 = Release|Any CPU
		{FC813B27-3D3D-45BF-9216-B491212D2BED}.Debug|Any CPU.ActiveCfg = Debug|Any CPU
		{FC813B27-3D3D-45BF-9216-B491212D2BED}.Debug|Any CPU.Build.0 = Debug|Any CPU
		{FC813B27-3D3D-45BF-9216-B491212D2BED}.Release|Any CPU.ActiveCfg = Release|Any CPU
		{FC813B27-3D3D-45BF-9216-B491212D2BED}.Release|Any CPU.Build.0 = Release|Any CPU
	EndGlobalSection
	GlobalSection(SolutionProperties) = preSolution
		HideSolutionNode = FALSE
	EndGlobalSection
	GlobalSection(ExtensibilityGlobals) = postSolution
		SolutionGuid = {A9AA1C02-68D8-4F64-AD7D-B4EE74674571}
	EndGlobalSection
EndGlobal
